
Microsoft Visual Studio Solution File, Format Version 12.00
# Visual Studio Version 17
VisualStudioVersion = 17.5.002.0
MinimumVisualStudioVersion = 10.0.40219.1
Project("{9A19103F-16F7-4668-BE54-9A1E7A4F7556}") = "ApiTests", "ApiTests\ApiTests.csproj", "{1DFD9FFF-5513-41D6-8E52-D9CA26C8007D}"
EndProject
Global
	GlobalSection(SolutionConfigurationPlatforms) = preSolution
		Debug|Any CPU = Debug|Any CPU
		Release|Any CPU = Release|Any CPU
	EndGlobalSection
	GlobalSection(ProjectConfigurationPlatforms) = postSolution
		{1DFD9FFF-5513-41D6-8E52-D9CA26C8007D}.Debug|Any CPU.ActiveCfg = Debug|Any CPU
		{1DFD9FFF-5513-41D6-8E52-D9CA26C8007D}.Debug|Any CPU.Build.0 = Debug|Any CPU
		{1DFD9FFF-5513-41D6-8E52-D9CA26C8007D}.Release|Any CPU.ActiveCfg = Release|Any CPU
		{1DFD9FFF-5513-41D6-8E52-D9CA26C8007D}.Release|Any CPU.Build.0 = Release|Any CPU
	EndGlobalSection
	GlobalSection(SolutionProperties) = preSolution
		HideSolutionNode = FALSE
	EndGlobalSection
	GlobalSection(ExtensibilityGlobals) = postSolution
		SolutionGuid = {6F97F35D-055B-409E-8AF6-3BB1E45ECA26}
	EndGlobalSection
EndGlobal
